{
  "name": "phoenix",
  "lockfileVersion": 2,
  "requires": true,
  "packages": {
    "": {
      "name": "phoenix",
      "dependencies": {
        "xpath-to-css": "^1.1.0"
      }
    },
    "node_modules/xpath-to-css": {
      "version": "1.1.0",
      "resolved": "https://registry.npmjs.org/xpath-to-css/-/xpath-to-css-1.1.0.tgz",
      "integrity": "sha512-+LkgkWUFj10DQujqovkQKiHdnfF01exhbr0UrXbIkq88vXTuAF1RcUvYV9YzE8dSKR9exKtCc8hgwl1xfs701A==",
      "engines": {
        "node": ">=4.0.0"
      }
    }
  },
  "dependencies": {
    "xpath-to-css": {
      "version": "1.1.0",
      "resolved": "https://registry.npmjs.org/xpath-to-css/-/xpath-to-css-1.1.0.tgz",
      "integrity": "sha512-+LkgkWUFj10DQujqovkQKiHdnfF01exhbr0UrXbIkq88vXTuAF1RcUvYV9YzE8dSKR9exKtCc8hgwl1xfs701A=="
    }
  }
}
